
Microsoft Visual Studio Solution File, Format Version 12.00
# Visual Studio Version 16
VisualStudioVersion = 16.0.29503.13
MinimumVisualStudioVersion = 10.0.40219.1
Project("{FAE04EC0-301F-11D3-BF4B-00C04F79EFBC}") = "GetXml", "GetXml.csproj", "{0BE237D3-800E-4961-8F64-38AB0635279B}"
EndProject
Global
	GlobalSection(SolutionConfigurationPlatforms) = preSolution
		Debug|Any CPU = Debug|Any CPU
		Release|Any CPU = Release|Any CPU
	EndGlobalSection
	GlobalSection(ProjectConfigurationPlatforms) = postSolution
		{0BE237D3-800E-4961-8F64-38AB0635279B}.Debug|Any CPU.ActiveCfg = Debug|Any CPU
		{0BE237D3-800E-4961-8F64-38AB0635279B}.Debug|Any CPU.Build.0 = Debug|Any CPU
		{0BE237D3-800E-4961-8F64-38AB0635279B}.Release|Any CPU.ActiveCfg = Release|Any CPU
		{0BE237D3-800E-4961-8F64-38AB0635279B}.Release|Any CPU.Build.0 = Release|Any CPU
	EndGlobalSection
	GlobalSection(SolutionProperties) = preSolution
		HideSolutionNode = FALSE
	EndGlobalSection
	GlobalSection(ExtensibilityGlobals) = postSolution
		SolutionGuid = {24BC896A-C6EC-42FF-8CC1-1FF930597587}
	EndGlobalSection
EndGlobal
